
Microsoft Visual Studio Solution File, Format Version 12.00
# Visual Studio Version 17
VisualStudioVersion = 17.7.34031.279
MinimumVisualStudioVersion = 10.0.40219.1
Project("{FAE04EC0-301F-11D3-BF4B-00C04F79EFBC}") = "Lab3_2", "Lab3_2\Lab3_2.csproj", "{8ED0D388-D8C4-415F-9B72-E8C57C0CF45C}"
EndProject
Global
	GlobalSection(SolutionConfigurationPlatforms) = preSolution
		Debug|Any CPU = Debug|Any CPU
		Release|Any CPU = Release|Any CPU
	EndGlobalSection
	GlobalSection(ProjectConfigurationPlatforms) = postSolution
		{8ED0D388-D8C4-415F-9B72-E8C57C0CF45C}.Debug|Any CPU.ActiveCfg = Debug|Any CPU
		{8ED0D388-D8C4-415F-9B72-E8C57C0CF45C}.Debug|Any CPU.Build.0 = Debug|Any CPU
		{8ED0D388-D8C4-415F-9B72-E8C57C0CF45C}.Release|Any CPU.ActiveCfg = Release|Any CPU
		{8ED0D388-D8C4-415F-9B72-E8C57C0CF45C}.Release|Any CPU.Build.0 = Release|Any CPU
	EndGlobalSection
	GlobalSection(SolutionProperties) = preSolution
		HideSolutionNode = FALSE
	EndGlobalSection
	GlobalSection(ExtensibilityGlobals) = postSolution
		SolutionGuid = {E6826B4C-57F2-449B-BC72-73A73A2FDBEE}
	EndGlobalSection
EndGlobal
