
Microsoft Visual Studio Solution File, Format Version 12.00
# Visual Studio Version 17
VisualStudioVersion = 17.7.34031.279
MinimumVisualStudioVersion = 10.0.40219.1
Project("{FAE04EC0-301F-11D3-BF4B-00C04F79EFBC}") = "Lab1", "Lab1\Lab1.csproj", "{AC38299D-5493-468B-BC87-AD6D7293D41A}"
EndProject
Global
	GlobalSection(SolutionConfigurationPlatforms) = preSolution
		Debug|Any CPU = Debug|Any CPU
		Release|Any CPU = Release|Any CPU
	EndGlobalSection
	GlobalSection(ProjectConfigurationPlatforms) = postSolution
		{AC38299D-5493-468B-BC87-AD6D7293D41A}.Debug|Any CPU.ActiveCfg = Debug|Any CPU
		{AC38299D-5493-468B-BC87-AD6D7293D41A}.Debug|Any CPU.Build.0 = Debug|Any CPU
		{AC38299D-5493-468B-BC87-AD6D7293D41A}.Release|Any CPU.ActiveCfg = Release|Any CPU
		{AC38299D-5493-468B-BC87-AD6D7293D41A}.Release|Any CPU.Build.0 = Release|Any CPU
	EndGlobalSection
	GlobalSection(SolutionProperties) = preSolution
		HideSolutionNode = FALSE
	EndGlobalSection
	GlobalSection(ExtensibilityGlobals) = postSolution
		SolutionGuid = {52C9CC34-3162-4929-A315-2590DE5CA049}
	EndGlobalSection
EndGlobal
