
Microsoft Visual Studio Solution File, Format Version 12.00
# Visual Studio Version 17
VisualStudioVersion = 17.7.34031.279
MinimumVisualStudioVersion = 10.0.40219.1
Project("{FAE04EC0-301F-11D3-BF4B-00C04F79EFBC}") = "Lab3", "Lab3\Lab3.csproj", "{644676A0-2B62-46F9-A0FB-2F54563283E6}"
EndProject
Global
	GlobalSection(SolutionConfigurationPlatforms) = preSolution
		Debug|Any CPU = Debug|Any CPU
		Release|Any CPU = Release|Any CPU
	EndGlobalSection
	GlobalSection(ProjectConfigurationPlatforms) = postSolution
		{644676A0-2B62-46F9-A0FB-2F54563283E6}.Debug|Any CPU.ActiveCfg = Debug|Any CPU
		{644676A0-2B62-46F9-A0FB-2F54563283E6}.Debug|Any CPU.Build.0 = Debug|Any CPU
		{644676A0-2B62-46F9-A0FB-2F54563283E6}.Release|Any CPU.ActiveCfg = Release|Any CPU
		{644676A0-2B62-46F9-A0FB-2F54563283E6}.Release|Any CPU.Build.0 = Release|Any CPU
	EndGlobalSection
	GlobalSection(SolutionProperties) = preSolution
		HideSolutionNode = FALSE
	EndGlobalSection
	GlobalSection(ExtensibilityGlobals) = postSolution
		SolutionGuid = {24873C4A-B276-47A7-A8F9-11C84F39AC92}
	EndGlobalSection
EndGlobal
